
Microsoft Visual Studio Solution File, Format Version 12.00
Project("{FAE04EC0-301F-11D3-BF4B-00C04F79EFBC}") = "MonoToMicroLegacy", "MonoToMicroLegacy\MonoToMicroLegacy.csproj", "{0DA6FF6E-36CC-477F-941F-3DA89265A953}"
EndProject
Project("{FAE04EC0-301F-11D3-BF4B-00C04F79EFBC}") = "MonoToMicroLambdaApi", "MonoToMicroLambdaApi\MonoToMicroLambdaApi.csproj", "{5B656442-1BA7-4D43-8BE8-E663AD3B0F76}"
EndProject
Global
	GlobalSection(SolutionConfigurationPlatforms) = preSolution
		Debug|Any CPU = Debug|Any CPU
		Release|Any CPU = Release|Any CPU
	EndGlobalSection
	GlobalSection(ProjectConfigurationPlatforms) = postSolution
		{0DA6FF6E-36CC-477F-941F-3DA89265A953}.Debug|Any CPU.ActiveCfg = Debug|Any CPU
		{0DA6FF6E-36CC-477F-941F-3DA89265A953}.Debug|Any CPU.Build.0 = Debug|Any CPU
		{0DA6FF6E-36CC-477F-941F-3DA89265A953}.Release|Any CPU.ActiveCfg = Release|Any CPU
		{0DA6FF6E-36CC-477F-941F-3DA89265A953}.Release|Any CPU.Build.0 = Release|Any CPU
		{5B656442-1BA7-4D43-8BE8-E663AD3B0F76}.Debug|Any CPU.ActiveCfg = Debug|Any CPU
		{5B656442-1BA7-4D43-8BE8-E663AD3B0F76}.Debug|Any CPU.Build.0 = Debug|Any CPU
		{5B656442-1BA7-4D43-8BE8-E663AD3B0F76}.Release|Any CPU.ActiveCfg = Release|Any CPU
		{5B656442-1BA7-4D43-8BE8-E663AD3B0F76}.Release|Any CPU.Build.0 = Release|Any CPU
	EndGlobalSection
EndGlobal
